
Microsoft Visual Studio Solution File, Format Version 12.00
# Visual Studio Version 16
VisualStudioVersion = 16.6.30114.105
MinimumVisualStudioVersion = 10.0.40219.1
Project("{FAE04EC0-301F-11D3-BF4B-00C04F79EFBC}") = "AllocationFree", "AllocationFree\AllocationFree.csproj", "{AD1EDC09-E70B-43C4-815D-1C7FF482470F}"
EndProject
Project("{FAE04EC0-301F-11D3-BF4B-00C04F79EFBC}") = "AllocationFree.Test", "AllocationFree.Test\AllocationFree.Test.csproj", "{4D311ABA-1BDD-4BCA-A40D-D07DC640C47C}"
EndProject
Global
	GlobalSection(SolutionConfigurationPlatforms) = preSolution
		Debug|Any CPU = Debug|Any CPU
		Debug|x64 = Debug|x64
		Debug|x86 = Debug|x86
		Release|Any CPU = Release|Any CPU
		Release|x64 = Release|x64
		Release|x86 = Release|x86
	EndGlobalSection
	GlobalSection(SolutionProperties) = preSolution
		HideSolutionNode = FALSE
	EndGlobalSection
	GlobalSection(ProjectConfigurationPlatforms) = postSolution
		{AD1EDC09-E70B-43C4-815D-1C7FF482470F}.Debug|Any CPU.ActiveCfg = Debug|Any CPU
		{AD1EDC09-E70B-43C4-815D-1C7FF482470F}.Debug|Any CPU.Build.0 = Debug|Any CPU
		{AD1EDC09-E70B-43C4-815D-1C7FF482470F}.Debug|x64.ActiveCfg = Debug|Any CPU
		{AD1EDC09-E70B-43C4-815D-1C7FF482470F}.Debug|x64.Build.0 = Debug|Any CPU
		{AD1EDC09-E70B-43C4-815D-1C7FF482470F}.Debug|x86.ActiveCfg = Debug|Any CPU
		{AD1EDC09-E70B-43C4-815D-1C7FF482470F}.Debug|x86.Build.0 = Debug|Any CPU
		{AD1EDC09-E70B-43C4-815D-1C7FF482470F}.Release|Any CPU.ActiveCfg = Release|Any CPU
		{AD1EDC09-E70B-43C4-815D-1C7FF482470F}.Release|Any CPU.Build.0 = Release|Any CPU
		{AD1EDC09-E70B-43C4-815D-1C7FF482470F}.Release|x64.ActiveCfg = Release|Any CPU
		{AD1EDC09-E70B-43C4-815D-1C7FF482470F}.Release|x64.Build.0 = Release|Any CPU
		{AD1EDC09-E70B-43C4-815D-1C7FF482470F}.Release|x86.ActiveCfg = Release|Any CPU
		{AD1EDC09-E70B-43C4-815D-1C7FF482470F}.Release|x86.Build.0 = Release|Any CPU
		{4D311ABA-1BDD-4BCA-A40D-D07DC640C47C}.Debug|Any CPU.ActiveCfg = Debug|Any CPU
		{4D311ABA-1BDD-4BCA-A40D-D07DC640C47C}.Debug|Any CPU.Build.0 = Debug|Any CPU
		{4D311ABA-1BDD-4BCA-A40D-D07DC640C47C}.Debug|x64.ActiveCfg = Debug|Any CPU
		{4D311ABA-1BDD-4BCA-A40D-D07DC640C47C}.Debug|x64.Build.0 = Debug|Any CPU
		{4D311ABA-1BDD-4BCA-A40D-D07DC640C47C}.Debug|x86.ActiveCfg = Debug|Any CPU
		{4D311ABA-1BDD-4BCA-A40D-D07DC640C47C}.Debug|x86.Build.0 = Debug|Any CPU
		{4D311ABA-1BDD-4BCA-A40D-D07DC640C47C}.Release|Any CPU.ActiveCfg = Release|Any CPU
		{4D311ABA-1BDD-4BCA-A40D-D07DC640C47C}.Release|Any CPU.Build.0 = Release|Any CPU
		{4D311ABA-1BDD-4BCA-A40D-D07DC640C47C}.Release|x64.ActiveCfg = Release|Any CPU
		{4D311ABA-1BDD-4BCA-A40D-D07DC640C47C}.Release|x64.Build.0 = Release|Any CPU
		{4D311ABA-1BDD-4BCA-A40D-D07DC640C47C}.Release|x86.ActiveCfg = Release|Any CPU
		{4D311ABA-1BDD-4BCA-A40D-D07DC640C47C}.Release|x86.Build.0 = Release|Any CPU
	EndGlobalSection
EndGlobal
